// !$*UTF8*$!
{
	archiveVersion = 1;
	classes = {
	};
	objectVersion = 56;
	objects = {

/* Begin PBXBuildFile section */
		C58270782BD249D000E2059B /* ObjectManagementApp.swift in Sources */ = {isa = PBXBuildFile; fileRef = C58270772BD249D000E2059B /* ObjectManagementApp.swift */; };
		C582707A2BD249D000E2059B /* ObjectListScreen.swift in Sources */ = {isa = PBXBuildFile; fileRef = C58270792BD249D000E2059B /* ObjectListScreen.swift */; };
		C582707C2BD249D200E2059B /* Assets.xcassets in Resources */ = {isa = PBXBuildFile; fileRef = C582707B2BD249D200E2059B /* Assets.xcassets */; };
		C582707F2BD249D200E2059B /* Preview Assets.xcassets in Resources */ = {isa = PBXBuildFile; fileRef = C582707E2BD249D200E2059B /* Preview Assets.xcassets */; };
		C58270892BD249D200E2059B /* ObjectManagementTests.swift in Sources */ = {isa = PBXBuildFile; fileRef = C58270882BD249D200E2059B /* ObjectManagementTests.swift */; };
		C58270932BD249D200E2059B /* ObjectManagementUITests.swift in Sources */ = {isa = PBXBuildFile; fileRef = C58270922BD249D200E2059B /* ObjectManagementUITests.swift */; };
		C58270952BD249D200E2059B /* ObjectManagementUITestsLaunchTests.swift in Sources */ = {isa = PBXBuildFile; fileRef = C58270942BD249D200E2059B /* ObjectManagementUITestsLaunchTests.swift */; };
		C58270A42BD24B3400E2059B /* ObjectEntity.swift in Sources */ = {isa = PBXBuildFile; fileRef = C58270A32BD24B3400E2059B /* ObjectEntity.swift */; };
		C58270A62BD24CA900E2059B /* ObjectType.swift in Sources */ = {isa = PBXBuildFile; fileRef = C58270A52BD24CA900E2059B /* ObjectType.swift */; };
/* End PBXBuildFile section */

/* Begin PBXContainerItemProxy section */
		C58270852BD249D200E2059B /* PBXContainerItemProxy */ = {
			isa = PBXContainerItemProxy;
			containerPortal = C582706C2BD249D000E2059B /* Project object */;
			proxyType = 1;
			remoteGlobalIDString = C58270732BD249D000E2059B;
			remoteInfo = ObjectManagement;
		};
		C582708F2BD249D200E2059B /* PBXContainerItemProxy */ = {
			isa = PBXContainerItemProxy;
			containerPortal = C582706C2BD249D000E2059B /* Project object */;
			proxyType = 1;
			remoteGlobalIDString = C58270732BD249D000E2059B;
			remoteInfo = ObjectManagement;
		};
/* End PBXContainerItemProxy section */

/* Begin PBXFileReference section */
		C58270742BD249D000E2059B /* ObjectManagement.app */ = {isa = PBXFileReference; explicitFileType = wrapper.application; includeInIndex = 0; path = ObjectManagement.app; sourceTree = BUILT_PRODUCTS_DIR; };
		C58270772BD249D000E2059B /* ObjectManagementApp.swift */ = {isa = PBXFileReference; lastKnownFileType = sourcecode.swift; path = ObjectManagementApp.swift; sourceTree = "<group>"; };
		C58270792BD249D000E2059B /* ObjectListScreen.swift */ = {isa = PBXFileReference; lastKnownFileType = sourcecode.swift; path = ObjectListScreen.swift; sourceTree = "<group>"; };
		C582707B2BD249D200E2059B /* Assets.xcassets */ = {isa = PBXFileReference; lastKnownFileType = folder.assetcatalog; path = Assets.xcassets; sourceTree = "<group>"; };
		C582707E2BD249D200E2059B /* Preview Assets.xcassets */ = {isa = PBXFileReference; lastKnownFileType = folder.assetcatalog; path = "Preview Assets.xcassets"; sourceTree = "<group>"; };
		C58270842BD249D200E2059B /* ObjectManagementTests.xctest */ = {isa = PBXFileReference; explicitFileType = wrapper.cfbundle; includeInIndex = 0; path = ObjectManagementTests.xctest; sourceTree = BUILT_PRODUCTS_DIR; };
		C58270882BD249D200E2059B /* ObjectManagementTests.swift */ = {isa = PBXFileReference; lastKnownFileType = sourcecode.swift; path = ObjectManagementTests.swift; sourceTree = "<group>"; };
		C582708E2BD249D200E2059B /* ObjectManagementUITests.xctest */ = {isa = PBXFileReference; explicitFileType = wrapper.cfbundle; includeInIndex = 0; path = ObjectManagementUITests.xctest; sourceTree = BUILT_PRODUCTS_DIR; };
		C58270922BD249D200E2059B /* ObjectManagementUITests.swift */ = {isa = PBXFileReference; lastKnownFileType = sourcecode.swift; path = ObjectManagementUITests.swift; sourceTree = "<group>"; };
		C58270942BD249D200E2059B /* ObjectManagementUITestsLaunchTests.swift */ = {isa = PBXFileReference; lastKnownFileType = sourcecode.swift; path = ObjectManagementUITestsLaunchTests.swift; sourceTree = "<group>"; };
		C58270A32BD24B3400E2059B /* ObjectEntity.swift */ = {isa = PBXFileReference; lastKnownFileType = sourcecode.swift; path = ObjectEntity.swift; sourceTree = "<group>"; };
		C58270A52BD24CA900E2059B /* ObjectType.swift */ = {isa = PBXFileReference; lastKnownFileType = sourcecode.swift; path = ObjectType.swift; sourceTree = "<group>"; };
/* End PBXFileReference section */

/* Begin PBXFrameworksBuildPhase section */
		C58270712BD249D000E2059B /* Frameworks */ = {
			isa = PBXFrameworksBuildPhase;
			buildActionMask = 2147483647;
			files = (
			);
			runOnlyForDeploymentPostprocessing = 0;
		};
		C58270812BD249D200E2059B /* Frameworks */ = {
			isa = PBXFrameworksBuildPhase;
			buildActionMask = 2147483647;
			files = (
			);
			runOnlyForDeploymentPostprocessing = 0;
		};
		C582708B2BD249D200E2059B /* Frameworks */ = {
			isa = PBXFrameworksBuildPhase;
			buildActionMask = 2147483647;
			files = (
			);
			runOnlyForDeploymentPostprocessing = 0;
		};
/* End PBXFrameworksBuildPhase section */

/* Begin PBXGroup section */
		C50BBFFC2BD2689300E00D7F /* Views */ = {
			isa = PBXGroup;
			children = (
				C58270792BD249D000E2059B /* ObjectListScreen.swift */,
			);
			path = Views;
			sourceTree = "<group>";
		};
		C582706B2BD249D000E2059B = {
			isa = PBXGroup;
			children = (
				C58270762BD249D000E2059B /* ObjectManagement */,
				C58270872BD249D200E2059B /* ObjectManagementTests */,
				C58270912BD249D200E2059B /* ObjectManagementUITests */,
				C58270752BD249D000E2059B /* Products */,
			);
			sourceTree = "<group>";
		};
		C58270752BD249D000E2059B /* Products */ = {
			isa = PBXGroup;
			children = (
				C58270742BD249D000E2059B /* ObjectManagement.app */,
				C58270842BD249D200E2059B /* ObjectManagementTests.xctest */,
				C582708E2BD249D200E2059B /* ObjectManagementUITests.xctest */,
			);
			name = Products;
			sourceTree = "<group>";
		};
		C58270762BD249D000E2059B /* ObjectManagement */ = {
			isa = PBXGroup;
			children = (
				C50BBFFC2BD2689300E00D7F /* Views */,
				C58270A12BD24B0800E2059B /* Domain */,
				C58270772BD249D000E2059B /* ObjectManagementApp.swift */,
				C582707B2BD249D200E2059B /* Assets.xcassets */,
				C582707D2BD249D200E2059B /* Preview Content */,
			);
			path = ObjectManagement;
			sourceTree = "<group>";
		};
		C582707D2BD249D200E2059B /* Preview Content */ = {
			isa = PBXGroup;
			children = (
				C582707E2BD249D200E2059B /* Preview Assets.xcassets */,
			);
			path = "Preview Content";
			sourceTree = "<group>";
		};
		C58270872BD249D200E2059B /* ObjectManagementTests */ = {
			isa = PBXGroup;
			children = (
				C58270882BD249D200E2059B /* ObjectManagementTests.swift */,
			);
			path = ObjectManagementTests;
			sourceTree = "<group>";
		};
		C58270912BD249D200E2059B /* ObjectManagementUITests */ = {
			isa = PBXGroup;
			children = (
				C58270922BD249D200E2059B /* ObjectManagementUITests.swift */,
				C58270942BD249D200E2059B /* ObjectManagementUITestsLaunchTests.swift */,
			);
			path = ObjectManagementUITests;
			sourceTree = "<group>";
		};
		C58270A12BD24B0800E2059B /* Domain */ = {
			isa = PBXGroup;
			children = (
				C58270A22BD24B1300E2059B /* Model */,
			);
			path = Domain;
			sourceTree = "<group>";
		};
		C58270A22BD24B1300E2059B /* Model */ = {
			isa = PBXGroup;
			children = (
				C58270A32BD24B3400E2059B /* ObjectEntity.swift */,
				C58270A52BD24CA900E2059B /* ObjectType.swift */,
			);
			path = Model;
			sourceTree = "<group>";
		};
/* End PBXGroup section */

/* Begin PBXNativeTarget section */
		C58270732BD249D000E2059B /* ObjectManagement */ = {
			isa = PBXNativeTarget;
			buildConfigurationList = C58270982BD249D200E2059B /* Build configuration list for PBXNativeTarget "ObjectManagement" */;
			buildPhases = (
				C58270702BD249D000E2059B /* Sources */,
				C58270712BD249D000E2059B /* Frameworks */,
				C58270722BD249D000E2059B /* Resources */,
			);
			buildRules = (
			);
			dependencies = (
			);
			name = ObjectManagement;
			productName = ObjectManagement;
			productReference = C58270742BD249D000E2059B /* ObjectManagement.app */;
			productType = "com.apple.product-type.application";
		};
		C58270832BD249D200E2059B /* ObjectManagementTests */ = {
			isa = PBXNativeTarget;
			buildConfigurationList = C582709B2BD249D200E2059B /* Build configuration list for PBXNativeTarget "ObjectManagementTests" */;
			buildPhases = (
				C58270802BD249D200E2059B /* Sources */,
				C58270812BD249D200E2059B /* Frameworks */,
				C58270822BD249D200E2059B /* Resources */,
			);
			buildRules = (
			);
			dependencies = (
				C58270862BD249D200E2059B /* PBXTargetDependency */,
			);
			name = ObjectManagementTests;
			productName = ObjectManagementTests;
			productReference = C58270842BD249D200E2059B /* ObjectManagementTests.xctest */;
			productType = "com.apple.product-type.bundle.unit-test";
		};
		C582708D2BD249D200E2059B /* ObjectManagementUITests */ = {
			isa = PBXNativeTarget;
			buildConfigurationList = C582709E2BD249D200E2059B /* Build configuration list for PBXNativeTarget "ObjectManagementUITests" */;
			buildPhases = (
				C582708A2BD249D200E2059B /* Sources */,
				C582708B2BD249D200E2059B /* Frameworks */,
				C582708C2BD249D200E2059B /* Resources */,
			);
			buildRules = (
			);
			dependencies = (
				C58270902BD249D200E2059B /* PBXTargetDependency */,
			);
			name = ObjectManagementUITests;
			productName = ObjectManagementUITests;
			productReference = C582708E2BD249D200E2059B /* ObjectManagementUITests.xctest */;
			productType = "com.apple.product-type.bundle.ui-testing";
		};
/* End PBXNativeTarget section */

/* Begin PBXProject section */
		C582706C2BD249D000E2059B /* Project object */ = {
			isa = PBXProject;
			attributes = {
				BuildIndependentTargetsInParallel = 1;
				LastSwiftUpdateCheck = 1530;
				LastUpgradeCheck = 1530;
				TargetAttributes = {
					C58270732BD249D000E2059B = {
						CreatedOnToolsVersion = 15.3;
					};
					C58270832BD249D200E2059B = {
						CreatedOnToolsVersion = 15.3;
						TestTargetID = C58270732BD249D000E2059B;
					};
					C582708D2BD249D200E2059B = {
						CreatedOnToolsVersion = 15.3;
						TestTargetID = C58270732BD249D000E2059B;
					};
				};
			};
			buildConfigurationList = C582706F2BD249D000E2059B /* Build configuration list for PBXProject "ObjectManagement" */;
			compatibilityVersion = "Xcode 14.0";
			developmentRegion = en;
			hasScannedForEncodings = 0;
			knownRegions = (
				en,
				Base,
			);
			mainGroup = C582706B2BD249D000E2059B;
			productRefGroup = C58270752BD249D000E2059B /* Products */;
			projectDirPath = "";
			projectRoot = "";
			targets = (
				C58270732BD249D000E2059B /* ObjectManagement */,
				C58270832BD249D200E2059B /* ObjectManagementTests */,
				C582708D2BD249D200E2059B /* ObjectManagementUITests */,
			);
		};
/* End PBXProject section */

/* Begin PBXResourcesBuildPhase section */
		C58270722BD249D000E2059B /* Resources */ = {
			isa = PBXResourcesBuildPhase;
			buildActionMask = 2147483647;
			files = (
				C582707F2BD249D200E2059B /* Preview Assets.xcassets in Resources */,
				C582707C2BD249D200E2059B /* Assets.xcassets in Resources */,
			);
			runOnlyForDeploymentPostprocessing = 0;
		};
		C58270822BD249D200E2059B /* Resources */ = {
			isa = PBXResourcesBuildPhase;
			buildActionMask = 2147483647;
			files = (
			);
			runOnlyForDeploymentPostprocessing = 0;
		};
		C582708C2BD249D200E2059B /* Resources */ = {
			isa = PBXResourcesBuildPhase;
			buildActionMask = 2147483647;
			files = (
			);
			runOnlyForDeploymentPostprocessing = 0;
		};
/* End PBXResourcesBuildPhase section */

/* Begin PBXSourcesBuildPhase section */
		C58270702BD249D000E2059B /* Sources */ = {
			isa = PBXSourcesBuildPhase;
			buildActionMask = 2147483647;
			files = (
				C58270A62BD24CA900E2059B /* ObjectType.swift in Sources */,
				C58270A42BD24B3400E2059B /* ObjectEntity.swift in Sources */,
				C582707A2BD249D000E2059B /* ObjectListScreen.swift in Sources */,
				C58270782BD249D000E2059B /* ObjectManagementApp.swift in Sources */,
			);
			runOnlyForDeploymentPostprocessing = 0;
		};
		C58270802BD249D200E2059B /* Sources */ = {
			isa = PBXSourcesBuildPhase;
			buildActionMask = 2147483647;
			files = (
				C58270892BD249D200E2059B /* ObjectManagementTests.swift in Sources */,
			);
			runOnlyForDeploymentPostprocessing = 0;
		};
		C582708A2BD249D200E2059B /* Sources */ = {
			isa = PBXSourcesBuildPhase;
			buildActionMask = 2147483647;
			files = (
				C58270952BD249D200E2059B /* ObjectManagementUITestsLaunchTests.swift in Sources */,
				C58270932BD249D200E2059B /* ObjectManagementUITests.swift in Sources */,
			);
			runOnlyForDeploymentPostprocessing = 0;
		};
/* End PBXSourcesBuildPhase section */

/* Begin PBXTargetDependency section */
		C58270862BD249D200E2059B /* PBXTargetDependency */ = {
			isa = PBXTargetDependency;
			target = C58270732BD249D000E2059B /* ObjectManagement */;
			targetProxy = C58270852BD249D200E2059B /* PBXContainerItemProxy */;
		};
		C58270902BD249D200E2059B /* PBXTargetDependency */ = {
			isa = PBXTargetDependency;
			target = C58270732BD249D000E2059B /* ObjectManagement */;
			targetProxy = C582708F2BD249D200E2059B /* PBXContainerItemProxy */;
		};
/* End PBXTargetDependency section */

/* Begin XCBuildConfiguration section */
		C58270962BD249D200E2059B /* Debug */ = {
			isa = XCBuildConfiguration;
			buildSettings = {
				ALWAYS_SEARCH_USER_PATHS = NO;
				ASSETCATALOG_COMPILER_GENERATE_SWIFT_ASSET_SYMBOL_EXTENSIONS = YES;
				CLANG_ANALYZER_NONNULL = YES;
				CLANG_ANALYZER_NUMBER_OBJECT_CONVERSION = YES_AGGRESSIVE;
				CLANG_CXX_LANGUAGE_STANDARD = "gnu++20";
				CLANG_ENABLE_MODULES = YES;
				CLANG_ENABLE_OBJC_ARC = YES;
				CLANG_ENABLE_OBJC_WEAK = YES;
				CLANG_WARN_BLOCK_CAPTURE_AUTORELEASING = YES;
				CLANG_WARN_BOOL_CONVERSION = YES;
				CLANG_WARN_COMMA = YES;
				CLANG_WARN_CONSTANT_CONVERSION = YES;
				CLANG_WARN_DEPRECATED_OBJC_IMPLEMENTATIONS = YES;
				CLANG_WARN_DIRECT_OBJC_ISA_USAGE = YES_ERROR;
				CLANG_WARN_DOCUMENTATION_COMMENTS = YES;
				CLANG_WARN_EMPTY_BODY = YES;
				CLANG_WARN_ENUM_CONVERSION = YES;
				CLANG_WARN_INFINITE_RECURSION = YES;
				CLANG_WARN_INT_CONVERSION = YES;
				CLANG_WARN_NON_LITERAL_NULL_CONVERSION = YES;
				CLANG_WARN_OBJC_IMPLICIT_RETAIN_SELF = YES;
				CLANG_WARN_OBJC_LITERAL_CONVERSION = YES;
				CLANG_WARN_OBJC_ROOT_CLASS = YES_ERROR;
				CLANG_WARN_QUOTED_INCLUDE_IN_FRAMEWORK_HEADER = YES;
				CLANG_WARN_RANGE_LOOP_ANALYSIS = YES;
				CLANG_WARN_STRICT_PROTOTYPES = YES;
				CLANG_WARN_SUSPICIOUS_MOVE = YES;
				CLANG_WARN_UNGUARDED_AVAILABILITY = YES_AGGRESSIVE;
				CLANG_WARN_UNREACHABLE_CODE = YES;
				CLANG_WARN__DUPLICATE_METHOD_MATCH = YES;
				COPY_PHASE_STRIP = NO;
				DEBUG_INFORMATION_FORMAT = dwarf;
				ENABLE_STRICT_OBJC_MSGSEND = YES;
				ENABLE_TESTABILITY = YES;
				ENABLE_USER_SCRIPT_SANDBOXING = YES;
				GCC_C_LANGUAGE_STANDARD = gnu17;
				GCC_DYNAMIC_NO_PIC = NO;
				GCC_NO_COMMON_BLOCKS = YES;
				GCC_OPTIMIZATION_LEVEL = 0;
				GCC_PREPROCESSOR_DEFINITIONS = (
					"DEBUG=1",
					"$(inherited)",
				);
				GCC_WARN_64_TO_32_BIT_CONVERSION = YES;
				GCC_WARN_ABOUT_RETURN_TYPE = YES_ERROR;
				GCC_WARN_UNDECLARED_SELECTOR = YES;
				GCC_WARN_UNINITIALIZED_AUTOS = YES_AGGRESSIVE;
				GCC_WARN_UNUSED_FUNCTION = YES;
				GCC_WARN_UNUSED_VARIABLE = YES;
				IPHONEOS_DEPLOYMENT_TARGET = 17.4;
				LOCALIZATION_PREFERS_STRING_CATALOGS = YES;
				MTL_ENABLE_DEBUG_INFO = INCLUDE_SOURCE;
				MTL_FAST_MATH = YES;
				ONLY_ACTIVE_ARCH = YES;
				SDKROOT = iphoneos;
				SWIFT_ACTIVE_COMPILATION_CONDITIONS = "DEBUG $(inherited)";
				SWIFT_OPTIMIZATION_LEVEL = "-Onone";
			};
			name = Debug;
		};
		C58270972BD249D200E2059B /* Release */ = {
			isa = XCBuildConfiguration;
			buildSettings = {
				ALWAYS_SEARCH_USER_PATHS = NO;
				ASSETCATALOG_COMPILER_GENERATE_SWIFT_ASSET_SYMBOL_EXTENSIONS = YES;
				CLANG_ANALYZER_NONNULL = YES;
				CLANG_ANALYZER_NUMBER_OBJECT_CONVERSION = YES_AGGRESSIVE;
				CLANG_CXX_LANGUAGE_STANDARD = "gnu++20";
				CLANG_ENABLE_MODULES = YES;
				CLANG_ENABLE_OBJC_ARC = YES;
				CLANG_ENABLE_OBJC_WEAK = YES;
				CLANG_WARN_BLOCK_CAPTURE_AUTORELEASING = YES;
				CLANG_WARN_BOOL_CONVERSION = YES;
				CLANG_WARN_COMMA = YES;
				CLANG_WARN_CONSTANT_CONVERSION = YES;
				CLANG_WARN_DEPRECATED_OBJC_IMPLEMENTATIONS = YES;
				CLANG_WARN_DIRECT_OBJC_ISA_USAGE = YES_ERROR;
				CLANG_WARN_DOCUMENTATION_COMMENTS = YES;
				CLANG_WARN_EMPTY_BODY = YES;
				CLANG_WARN_ENUM_CONVERSION = YES;
				CLANG_WARN_INFINITE_RECURSION = YES;
				CLANG_WARN_INT_CONVERSION = YES;
				CLANG_WARN_NON_LITERAL_NULL_CONVERSION = YES;
				CLANG_WARN_OBJC_IMPLICIT_RETAIN_SELF = YES;
				CLANG_WARN_OBJC_LITERAL_CONVERSION = YES;
				CLANG_WARN_OBJC_ROOT_CLASS = YES_ERROR;
				CLANG_WARN_QUOTED_INCLUDE_IN_FRAMEWORK_HEADER = YES;
				CLANG_WARN_RANGE_LOOP_ANALYSIS = YES;
				CLANG_WARN_STRICT_PROTOTYPES = YES;
				CLANG_WARN_SUSPICIOUS_MOVE = YES;
				CLANG_WARN_UNGUARDED_AVAILABILITY = YES_AGGRESSIVE;
				CLANG_WARN_UNREACHABLE_CODE = YES;
				CLANG_WARN__DUPLICATE_METHOD_MATCH = YES;
				COPY_PHASE_STRIP = NO;
				DEBUG_INFORMATION_FORMAT = "dwarf-with-dsym";
				ENABLE_NS_ASSERTIONS = NO;
				ENABLE_STRICT_OBJC_MSGSEND = YES;
				ENABLE_USER_SCRIPT_SANDBOXING = YES;
				GCC_C_LANGUAGE_STANDARD = gnu17;
				GCC_NO_COMMON_BLOCKS = YES;
				GCC_WARN_64_TO_32_BIT_CONVERSION = YES;
				GCC_WARN_ABOUT_RETURN_TYPE = YES_ERROR;
				GCC_WARN_UNDECLARED_SELECTOR = YES;
				GCC_WARN_UNINITIALIZED_AUTOS = YES_AGGRESSIVE;
				GCC_WARN_UNUSED_FUNCTION = YES;
				GCC_WARN_UNUSED_VARIABLE = YES;
				IPHONEOS_DEPLOYMENT_TARGET = 17.4;
				LOCALIZATION_PREFERS_STRING_CATALOGS = YES;
				MTL_ENABLE_DEBUG_INFO = NO;
				MTL_FAST_MATH = YES;
				SDKROOT = iphoneos;
				SWIFT_COMPILATION_MODE = wholemodule;
				VALIDATE_PRODUCT = YES;
			};
			name = Release;
		};
		C58270992BD249D200E2059B /* Debug */ = {
			isa = XCBuildConfiguration;
			buildSettings = {
				ASSETCATALOG_COMPILER_APPICON_NAME = AppIcon;
				ASSETCATALOG_COMPILER_GLOBAL_ACCENT_COLOR_NAME = AccentColor;
				CODE_SIGN_STYLE = Automatic;
				CURRENT_PROJECT_VERSION = 1;
				DEVELOPMENT_ASSET_PATHS = "\"ObjectManagement/Preview Content\"";
				DEVELOPMENT_TEAM = N742CNGJ44;
				ENABLE_PREVIEWS = YES;
				GENERATE_INFOPLIST_FILE = YES;
				INFOPLIST_KEY_UIApplicationSceneManifest_Generation = YES;
				INFOPLIST_KEY_UIApplicationSupportsIndirectInputEvents = YES;
				INFOPLIST_KEY_UILaunchScreen_Generation = YES;
				INFOPLIST_KEY_UISupportedInterfaceOrientations_iPad = "UIInterfaceOrientationPortrait UIInterfaceOrientationPortraitUpsideDown UIInterfaceOrientationLandscapeLeft UIInterfaceOrientationLandscapeRight";
				INFOPLIST_KEY_UISupportedInterfaceOrientations_iPhone = "UIInterfaceOrientationPortrait UIInterfaceOrientationLandscapeLeft UIInterfaceOrientationLandscapeRight";
				LD_RUNPATH_SEARCH_PATHS = (
					"$(inherited)",
					"@executable_path/Frameworks",
				);
				MARKETING_VERSION = 1.0;
				PRODUCT_BUNDLE_IDENTIFIER = com.saal.ObjectManagement;
				PRODUCT_NAME = "$(TARGET_NAME)";
				SWIFT_EMIT_LOC_STRINGS = YES;
				SWIFT_VERSION = 5.0;
				TARGETED_DEVICE_FAMILY = "1,2";
			};
			name = Debug;
		};
		C582709A2BD249D200E2059B /* Release */ = {
			isa = XCBuildConfiguration;
			buildSettings = {
				ASSETCATALOG_COMPILER_APPICON_NAME = AppIcon;
				ASSETCATALOG_COMPILER_GLOBAL_ACCENT_COLOR_NAME = AccentColor;
				CODE_SIGN_STYLE = Automatic;
				CURRENT_PROJECT_VERSION = 1;
				DEVELOPMENT_ASSET_PATHS = "\"ObjectManagement/Preview Content\"";
				DEVELOPMENT_TEAM = N742CNGJ44;
				ENABLE_PREVIEWS = YES;
				GENERATE_INFOPLIST_FILE = YES;
				INFOPLIST_KEY_UIApplicationSceneManifest_Generation = YES;
				INFOPLIST_KEY_UIApplicationSupportsIndirectInputEvents = YES;
				INFOPLIST_KEY_UILaunchScreen_Generation = YES;
				INFOPLIST_KEY_UISupportedInterfaceOrientations_iPad = "UIInterfaceOrientationPortrait UIInterfaceOrientationPortraitUpsideDown UIInterfaceOrientationLandscapeLeft UIInterfaceOrientationLandscapeRight";
				INFOPLIST_KEY_UISupportedInterfaceOrientations_iPhone = "UIInterfaceOrientationPortrait UIInterfaceOrientationLandscapeLeft UIInterfaceOrientationLandscapeRight";
				LD_RUNPATH_SEARCH_PATHS = (
					"$(inherited)",
					"@executable_path/Frameworks",
				);
				MARKETING_VERSION = 1.0;
				PRODUCT_BUNDLE_IDENTIFIER = com.saal.ObjectManagement;
				PRODUCT_NAME = "$(TARGET_NAME)";
				SWIFT_EMIT_LOC_STRINGS = YES;
				SWIFT_VERSION = 5.0;
				TARGETED_DEVICE_FAMILY = "1,2";
			};
			name = Release;
		};
		C582709C2BD249D200E2059B /* Debug */ = {
			isa = XCBuildConfiguration;
			buildSettings = {
				ALWAYS_EMBED_SWIFT_STANDARD_LIBRARIES = YES;
				BUNDLE_LOADER = "$(TEST_HOST)";
				CODE_SIGN_STYLE = Automatic;
				CURRENT_PROJECT_VERSION = 1;
				DEVELOPMENT_TEAM = N742CNGJ44;
				GENERATE_INFOPLIST_FILE = YES;
				IPHONEOS_DEPLOYMENT_TARGET = 17.4;
				MARKETING_VERSION = 1.0;
				PRODUCT_BUNDLE_IDENTIFIER = com.saal.ObjectManagementTests;
				PRODUCT_NAME = "$(TARGET_NAME)";
				SWIFT_EMIT_LOC_STRINGS = NO;
				SWIFT_VERSION = 5.0;
				TARGETED_DEVICE_FAMILY = "1,2";
				TEST_HOST = "$(BUILT_PRODUCTS_DIR)/ObjectManagement.app/$(BUNDLE_EXECUTABLE_FOLDER_PATH)/ObjectManagement";
			};
			name = Debug;
		};
		C582709D2BD249D200E2059B /* Release */ = {
			isa = XCBuildConfiguration;
			buildSettings = {
				ALWAYS_EMBED_SWIFT_STANDARD_LIBRARIES = YES;
				BUNDLE_LOADER = "$(TEST_HOST)";
				CODE_SIGN_STYLE = Automatic;
				CURRENT_PROJECT_VERSION = 1;
				DEVELOPMENT_TEAM = N742CNGJ44;
				GENERATE_INFOPLIST_FILE = YES;
				IPHONEOS_DEPLOYMENT_TARGET = 17.4;
				MARKETING_VERSION = 1.0;
				PRODUCT_BUNDLE_IDENTIFIER = com.saal.ObjectManagementTests;
				PRODUCT_NAME = "$(TARGET_NAME)";
				SWIFT_EMIT_LOC_STRINGS = NO;
				SWIFT_VERSION = 5.0;
				TARGETED_DEVICE_FAMILY = "1,2";
				TEST_HOST = "$(BUILT_PRODUCTS_DIR)/ObjectManagement.app/$(BUNDLE_EXECUTABLE_FOLDER_PATH)/ObjectManagement";
			};
			name = Release;
		};
		C582709F2BD249D200E2059B /* Debug */ = {
			isa = XCBuildConfiguration;
			buildSettings = {
				ALWAYS_EMBED_SWIFT_STANDARD_LIBRARIES = YES;
				CODE_SIGN_STYLE = Automatic;
				CURRENT_PROJECT_VERSION = 1;
				DEVELOPMENT_TEAM = N742CNGJ44;
				GENERATE_INFOPLIST_FILE = YES;
				MARKETING_VERSION = 1.0;
				PRODUCT_BUNDLE_IDENTIFIER = com.saal.ObjectManagementUITests;
				PRODUCT_NAME = "$(TARGET_NAME)";
				SWIFT_EMIT_LOC_STRINGS = NO;
				SWIFT_VERSION = 5.0;
				TARGETED_DEVICE_FAMILY = "1,2";
				TEST_TARGET_NAME = ObjectManagement;
			};
			name = Debug;
		};
		C58270A02BD249D200E2059B /* Release */ = {
			isa = XCBuildConfiguration;
			buildSettings = {
				ALWAYS_EMBED_SWIFT_STANDARD_LIBRARIES = YES;
				CODE_SIGN_STYLE = Automatic;
				CURRENT_PROJECT_VERSION = 1;
				DEVELOPMENT_TEAM = N742CNGJ44;
				GENERATE_INFOPLIST_FILE = YES;
				MARKETING_VERSION = 1.0;
				PRODUCT_BUNDLE_IDENTIFIER = com.saal.ObjectManagementUITests;
				PRODUCT_NAME = "$(TARGET_NAME)";
				SWIFT_EMIT_LOC_STRINGS = NO;
				SWIFT_VERSION = 5.0;
				TARGETED_DEVICE_FAMILY = "1,2";
				TEST_TARGET_NAME = ObjectManagement;
			};
			name = Release;
		};
/* End XCBuildConfiguration section */

/* Begin XCConfigurationList section */
		C582706F2BD249D000E2059B /* Build configuration list for PBXProject "ObjectManagement" */ = {
			isa = XCConfigurationList;
			buildConfigurations = (
				C58270962BD249D200E2059B /* Debug */,
				C58270972BD249D200E2059B /* Release */,
			);
			defaultConfigurationIsVisible = 0;
			defaultConfigurationName = Release;
		};
		C58270982BD249D200E2059B /* Build configuration list for PBXNativeTarget "ObjectManagement" */ = {
			isa = XCConfigurationList;
			buildConfigurations = (
				C58270992BD249D200E2059B /* Debug */,
				C582709A2BD249D200E2059B /* Release */,
			);
			defaultConfigurationIsVisible = 0;
			defaultConfigurationName = Release;
		};
		C582709B2BD249D200E2059B /* Build configuration list for PBXNativeTarget "ObjectManagementTests" */ = {
			isa = XCConfigurationList;
			buildConfigurations = (
				C582709C2BD249D200E2059B /* Debug */,
				C582709D2BD249D200E2059B /* Release */,
			);
			defaultConfigurationIsVisible = 0;
			defaultConfigurationName = Release;
		};
		C582709E2BD249D200E2059B /* Build configuration list for PBXNativeTarget "ObjectManagementUITests" */ = {
			isa = XCConfigurationList;
			buildConfigurations = (
				C582709F2BD249D200E2059B /* Debug */,
				C58270A02BD249D200E2059B /* Release */,
			);
			defaultConfigurationIsVisible = 0;
			defaultConfigurationName = Release;
		};
/* End XCConfigurationList section */
	};
	rootObject = C582706C2BD249D000E2059B /* Project object */;
}
